
Microsoft Visual Studio Solution File, Format Version 12.00
# Visual Studio Version 17
VisualStudioVersion = 17.14.37027.9 d17.14
MinimumVisualStudioVersion = 10.0.40219.1
Project("{FAE04EC0-301F-11D3-BF4B-00C04F79EFBC}") = "CybersecurityChatbot", "CybersecurityChatbot.csproj", "{4D5EF6CD-B0D7-48A3-BDDA-3E029FC48871}"
EndProject
Global
	GlobalSection(SolutionConfigurationPlatforms) = preSolution
		Debug|Any CPU = Debug|Any CPU
		Release|Any CPU = Release|Any CPU
	EndGlobalSection
	GlobalSection(ProjectConfigurationPlatforms) = postSolution
		{4D5EF6CD-B0D7-48A3-BDDA-3E029FC48871}.Debug|Any CPU.ActiveCfg = Debug|Any CPU
		{4D5EF6CD-B0D7-48A3-BDDA-3E029FC48871}.Debug|Any CPU.Build.0 = Debug|Any CPU
		{4D5EF6CD-B0D7-48A3-BDDA-3E029FC48871}.Release|Any CPU.ActiveCfg = Release|Any CPU
		{4D5EF6CD-B0D7-48A3-BDDA-3E029FC48871}.Release|Any CPU.Build.0 = Release|Any CPU
	EndGlobalSection
	GlobalSection(SolutionProperties) = preSolution
		HideSolutionNode = FALSE
	EndGlobalSection
	GlobalSection(ExtensibilityGlobals) = postSolution
		SolutionGuid = {FDBE54DE-38CD-4102-B8CB-4DA4836094D1}
	EndGlobalSection
EndGlobal
